
Microsoft Visual Studio Solution File, Format Version 11.00
# Visual Studio 2010
Project("{FAE04EC0-301F-11D3-BF4B-00C04F79EFBC}") = "Assembly-CSharp", "Assembly-CSharp.csproj", "{b32c7a9c-1b40-a781-43d7-c5cbbfdeb001}"
EndProject
Project("{FAE04EC0-301F-11D3-BF4B-00C04F79EFBC}") = "Assembly-CSharp-Editor", "Assembly-CSharp-Editor.csproj", "{c7ed274b-fdff-f2c7-7ac4-0892833ea972}"
EndProject
Global
	GlobalSection(SolutionConfigurationPlatforms) = preSolution
		Debug|Any CPU = Debug|Any CPU
	EndGlobalSection
	GlobalSection(ProjectConfigurationPlatforms) = postSolution
		{b32c7a9c-1b40-a781-43d7-c5cbbfdeb001}.Debug|Any CPU.ActiveCfg = Debug|Any CPU
		{b32c7a9c-1b40-a781-43d7-c5cbbfdeb001}.Debug|Any CPU.Build.0 = Debug|Any CPU
		{c7ed274b-fdff-f2c7-7ac4-0892833ea972}.Debug|Any CPU.ActiveCfg = Debug|Any CPU
		{c7ed274b-fdff-f2c7-7ac4-0892833ea972}.Debug|Any CPU.Build.0 = Debug|Any CPU
	EndGlobalSection
	GlobalSection(SolutionProperties) = preSolution
		HideSolutionNode = FALSE
	EndGlobalSection
EndGlobal
